# THIS IS AN AUTOGENERATED FILE. DO NOT EDIT THIS FILE DIRECTLY.
# yarn lockfile v1


vanilla-router@^1.2.8:
  version "1.2.8"
  resolved "https://registry.yarnpkg.com/vanilla-router/-/vanilla-router-1.2.8.tgz#fe4a4e4ce1c1b1e76fa072f3d8b200670310984d"
  integrity sha512-jZYhHPTXVqsUr4nfSD776q2eWeKNphBgvh7ELyGgcgZPo2bjUgV4BdW0l0fHX+cNZHDpW8WabQ8ZdIHc73Cd7w==
